version = 1
revision = 3
requires-python = ">=3.14"

[[package]]
name = "colorama"
version = "0.4.6"
source = { registry = "https://pypi.tuna.tsinghua.edu.cn/simple" }
sdist = { url = "https://pypi.tuna.tsinghua.edu.cn/packages/d8/53/6f443c9a4a8358a93a6792e2acffb9d9d5cb0a5cfd8802644b7b1c9a02e4/colorama-0.4.6.tar.gz", hash = "sha256:08695f5cb7ed6e0531a20572697297273c47b8cae5a63ffc6d6ed5c201be6e44", size = 27697, upload-time = "2022-10-25T02:36:22.414Z" }
wheels = [
    { url = "https://pypi.tuna.tsinghua.edu.cn/packages/d1/d6/3965ed04c63042e047cb6a3e6ed1a63a35087b6a609aa3a15ed8ac56c221/colorama-0.4.6-py2.py3-none-any.whl", hash = "sha256:4f1d9991f5acc0ca119f9d443620b77f9d6b33703e51011c16baf57afb285fc6", size = 25335, upload-time = "2022-10-25T02:36:20.889Z" },
]

[[package]]
name = "iniconfig"
version = "2.3.0"
source = { registry = "https://pypi.tuna.tsinghua.edu.cn/simple" }
sdist = { url = "https://pypi.tuna.tsinghua.edu.cn/packages/72/34/14ca021ce8e5dfedc35312d08ba8bf51fdd999c576889fc2c24cb97f4f10/iniconfig-2.3.0.tar.gz", hash = "sha256:c76315c77db068650d49c5b56314774a7804df16fee4402c1f19d6d15d8c4730", size = 20503, upload-time = "2025-10-18T21:55:43.219Z" }
wheels = [
    { url = "https://pypi.tuna.tsinghua.edu.cn/packages/cb/b1/3846dd7f199d53cb17f49cba7e651e9ce294d8497c8c150530ed11865bb8/iniconfig-2.3.0-py3-none-any.whl", hash = "sha256:f631c04d2c48c52b84d0d0549c99ff3859c98df65b3101406327ecc7d53fbf12", size = 7484, upload-time = "2025-10-18T21:55:41.639Z" },
]

[[package]]
name = "packaging"
version = "26.3"
source = { registry = "https://pypi.tuna.tsinghua.edu.cn/simple" }
sdist = { url = "https://pypi.tuna.tsinghua.edu.cn/packages/7d/fa/3944b40b07da9ce895c0e6303a5ab7d53da063554f534556b134a54d6093/packaging-26.3.tar.gz", hash = "sha256:94edc256424af38762eb31306eed28beb9f0efc50a8837492c9d6fd6004aed79", size = 313412, upload-time = "2026-08-04T18:15:28.737Z" }
wheels = [
    { url = "https://pypi.tuna.tsinghua.edu.cn/packages/63/34/ba1c580383c9eada3711951fef0795c80b829a078d72188184bcab9dd527/packaging-26.3-py3-none-any.whl", hash = "sha256:d7193f7c8e4e93f444fde0262bf90af30e16fa0ad0ad44cb553c87339b23cd1c", size = 129956, upload-time = "2026-08-04T18:15:27.159Z" },
]

[[package]]
name = "pluggy"
version = "1.6.0"
source = { registry = "https://pypi.tuna.tsinghua.edu.cn/simple" }
sdist = { url = "https://pypi.tuna.tsinghua.edu.cn/packages/f9/e2/3e91f31a7d2b083fe6ef3fa267035b518369d9511ffab804f839851d2779/pluggy-1.6.0.tar.gz", hash = "sha256:7dcc130b76258d33b90f61b658791dede3486c3e6bfb003ee5c9bfb396dd22f3", size = 69412, upload-time = "2025-05-15T12:30:07.975Z" }
wheels = [
    { url = "https://pypi.tuna.tsinghua.edu.cn/packages/54/20/4d324d65cc6d9205fabedc306948156824eb9f0ee1633355a8f7ec5c66bf/pluggy-1.6.0-py3-none-any.whl", hash = "sha256:e920276dd6813095e9377c0bc5566d94c932c33b27a3e3945d8389c374dd4746", size = 20538, upload-time = "2025-05-15T12:30:06.134Z" },
]

[[package]]
name = "pygame-ce"
version = "2.5.8"
source = { registry = "https://pypi.tuna.tsinghua.edu.cn/simple" }
sdist = { url = "https://pypi.tuna.tsinghua.edu.cn/packages/26/2d/0f942ec31d558a6a1f2fd0df9965ff0055f165ed5b8d36f6509b1f3768a2/pygame_ce-2.5.8.tar.gz", hash = "sha256:3c8e69088ead310037972c391306ea58e74d7296b35d1890067749235fd554ba", size = 5300831, upload-time = "2026-08-09T11:39:49.226Z" }
wheels = [
    { url = "https://pypi.tuna.tsinghua.edu.cn/packages/4d/e6/8e83904cf4184223419345a78c905e7c1ace10228befd87eb497ba015c8c/pygame_ce-2.5.8-cp314-cp314-macosx_10_15_universal2.whl", hash = "sha256:7ec4efa6b57a194f5ad51b92211cc74b485320df951b0cc870235b2b889b9b6d", size = 16571019, upload-time = "2026-08-09T11:39:00.084Z" },
    { url = "https://pypi.tuna.tsinghua.edu.cn/packages/2e/f3/4f90a0b5e86635d741111084eaa4d4c65fcab2f461edb8c9efa502e4c630/pygame_ce-2.5.8-cp314-cp314-manylinux2014_aarch64.manylinux_2_17_aarch64.whl", hash = "sha256:bb91d0bb0b5e2a4da61910d752769d4580cacffb4b7338cee57c932351c67e7b", size = 12051251, upload-time = "2026-08-09T11:39:02.561Z" },
    { url = "https://pypi.tuna.tsinghua.edu.cn/packages/99/7e/b0c4f5d43261e8707353ef40cf6620d46d42f43a502c236e93ce6ea82e7b/pygame_ce-2.5.8-cp314-cp314-manylinux2014_i686.manylinux_2_17_i686.whl", hash = "sha256:68bd9c4ac42bb2549c034d56399404f16c87c56714db721ed975a759798a3d16", size = 12585932, upload-time = "2026-08-09T11:39:04.989Z" },
    { url = "https://pypi.tuna.tsinghua.edu.cn/packages/dd/62/06f0ceb7f5a154e0071a4ce81a16de47b9f3b85034fa391686d489d15be5/pygame_ce-2.5.8-cp314-cp314-manylinux2014_x86_64.manylinux_2_17_x86_64.whl", hash = "sha256:0027bd2255cbb39789d9c7ff95a5f040f56d1cfeb09504497447c0ee06169a24", size = 12147357, upload-time = "2026-08-09T11:39:07.433Z" },
    { url = "https://pypi.tuna.tsinghua.edu.cn/packages/05/57/14d6b40318af71cf20e4c750866795424e018f79c5a5cf3a9a74a8717c4c/pygame_ce-2.5.8-cp314-cp314-win32.whl", hash = "sha256:c5285d444e4b789ef95522bbd2b90433163ad2b89e0ae4891236fde88a027fbd", size = 9255121, upload-time = "2026-08-09T11:39:09.723Z" },
    { url = "https://pypi.tuna.tsinghua.edu.cn/packages/f1/31/92d32a9bf9b78e9ef10cec7224e2f00efc957757505822af8dc4225e9b41/pygame_ce-2.5.8-cp314-cp314-win_amd64.whl", hash = "sha256:b4c2e28c201240199356952e6bd0221969d2eb8a1a15c3454d77db209bad7891", size = 9833757, upload-time = "2026-08-09T11:39:11.989Z" },
    { url = "https://pypi.tuna.tsinghua.edu.cn/packages/5a/26/4024483d4a3161ed8fb8d3f3f4957580af31d468e0c31df7e6038f45ccdc/pygame_ce-2.5.8-cp314-cp314-win_arm64.whl", hash = "sha256:b23034594412456504822d3088cf5f292f63bbe415eac29735340a59999e4116", size = 10410381, upload-time = "2026-08-09T11:39:14.417Z" },
    { url = "https://pypi.tuna.tsinghua.edu.cn/packages/fd/11/0b47f80b261d6379c86b9cc3fa405af5bd62af10506de7e28c2275d67b86/pygame_ce-2.5.8-cp315-cp315-macosx_10_15_universal2.whl", hash = "sha256:0a4e0804d53bae8d9aa5192fc2259b40dd084b48ea273dd7dd6e1c12b73303c4", size = 16571139, upload-time = "2026-08-09T11:39:16.979Z" },
    { url = "https://pypi.tuna.tsinghua.edu.cn/packages/f1/95/694cd02641a0c0956b6c5919b56599af302524ac133551b654f550f28919/pygame_ce-2.5.8-cp315-cp315-manylinux2014_aarch64.manylinux_2_17_aarch64.whl", hash = "sha256:d7f03d38b3693c014dd47d4e281620b6756669129e545af1cd608a9484582846", size = 12051154, upload-time = "2026-08-09T11:39:19.873Z" },
    { url = "https://pypi.tuna.tsinghua.edu.cn/packages/da/5e/bed22b0d07d9e96bb9a448acc9da7a235f046280264c33476f0c0753d302/pygame_ce-2.5.8-cp315-cp315-manylinux2014_i686.manylinux_2_17_i686.whl", hash = "sha256:d084b79535f3529aa157edd9401f4f33e5082f318d287029291d6596bb225105", size = 12585976, upload-time = "2026-08-09T11:39:22.555Z" },
    { url = "https://pypi.tuna.tsinghua.edu.cn/packages/21/ce/8c167ba5ba736e372730ae29ef0f8cb2e62a88580e647ae987bc112eb1cb/pygame_ce-2.5.8-cp315-cp315-manylinux2014_x86_64.manylinux_2_17_x86_64.whl", hash = "sha256:d9cbf6e2648ae6d76aa8ece82187d240300cfd9f4c90860e1e466f78cf0ab14a", size = 12147466, upload-time = "2026-08-09T11:39:24.935Z" },
    { url = "https://pypi.tuna.tsinghua.edu.cn/packages/63/92/c99ed51479f2d2a5d7fc9d5aa3b880e4c0fcc87f30cb95ecf325f35dd2fd/pygame_ce-2.5.8-cp315-cp315-win32.whl", hash = "sha256:312a01ff5439a0bd2e55b56683518454da4cbe4cad493d0580e9c49f6aacc2d8", size = 9254928, upload-time = "2026-08-09T11:39:29.525Z" },
    { url = "https://pypi.tuna.tsinghua.edu.cn/packages/87/41/404836598d666ffe02681fd0c29f013daaa8baf18e5de5f7a5d4870b6105/pygame_ce-2.5.8-cp315-cp315-win_amd64.whl", hash = "sha256:5b789aa7e4239be025c9de8428c2c422f0811f0e3dd702b574d836fd9ae040eb", size = 9833657, upload-time = "2026-08-09T11:39:31.897Z" },
    { url = "https://pypi.tuna.tsinghua.edu.cn/packages/5f/a2/7a844f772c6f0967e75d49cb10602fbb878b9daee1cc080d2b9597bcc873/pygame_ce-2.5.8-cp315-cp315-win_arm64.whl", hash = "sha256:28c4fed3870e3edf72ea7ea359bb5f64c55db0fb9cb3bdb26b4b674b4b4bcff4", size = 10410231, upload-time = "2026-08-09T11:39:34.184Z" },
]

[[package]]
name = "pygments"
version = "2.21.0"
source = { registry = "https://pypi.tuna.tsinghua.edu.cn/simple" }
sdist = { url = "https://pypi.tuna.tsinghua.edu.cn/packages/49/2e/ced460408999b33da6b31b0021b0f37d329e202d4169aeb164493778f25b/pygments-2.21.0.tar.gz", hash = "sha256:610ca751c9bc2492b38eb9a38a7fbc93edbbb2d7182edaf34e66ae493dee5c8c", size = 5005329, upload-time = "2026-08-17T08:02:48.824Z" }
wheels = [
    { url = "https://pypi.tuna.tsinghua.edu.cn/packages/71/46/17f022dd3e953bf20a04a028a21ec746d942f8d2af30fa0f124fa0e6a684/pygments-2.21.0-py3-none-any.whl", hash = "sha256:2363c69b61c4a97c838da3b130dcd6468f4848992b21a82f2a63ec34377137d9", size = 1250147, upload-time = "2026-08-17T08:02:44.912Z" },
]

[[package]]
name = "pyside6"
version = "6.11.2"
source = { registry = "https://pypi.tuna.tsinghua.edu.cn/simple" }
dependencies = [
    { name = "pyside6-addons" },
    { name = "pyside6-essentials" },
    { name = "shiboken6" },
]
wheels = [
    { url = "https://pypi.tuna.tsinghua.edu.cn/packages/ae/b5/99ff75f604d69eda1c5d1fe85cc43fb697d95eabc30ba86af099c2ddcd96/pyside6-6.11.2-cp310-abi3-macosx_13_0_universal2.whl", hash = "sha256:13a3c79816879d9743672a669f1988f74459a78f89a97a2624fae4fe059ffa3a", size = 571875, upload-time = "2026-08-18T06:37:27.794Z" },
    { url = "https://pypi.tuna.tsinghua.edu.cn/packages/b2/fe/968844def58150a41568b505edca0d68df6901b20ea4222ccb0c069cc703/pyside6-6.11.2-cp310-abi3-manylinux_2_34_x86_64.whl", hash = "sha256:dc6d03990489a5085842770718392ef5de36352d8f608d9a9fe03e60af4d7b66", size = 572120, upload-time = "2026-08-18T06:37:30.298Z" },
    { url = "https://pypi.tuna.tsinghua.edu.cn/packages/5e/5c/f4ecc6defaec645e5ac3ca2f99e3da286a28d1c647c2d10b584e0392b94c/pyside6-6.11.2-cp310-abi3-manylinux_2_39_aarch64.whl", hash = "sha256:57fe867a6c93821a085d74e8a26f863fc2363516848181c466032595b33b1729", size = 572121, upload-time = "2026-08-18T06:37:32.383Z" },
    { url = "https://pypi.tuna.tsinghua.edu.cn/packages/94/fe/4aea9d30300fff4cda9bb729c1363b9e1095a8544e0d6b57065465e16599/pyside6-6.11.2-cp310-abi3-win_amd64.whl", hash = "sha256:3201d67e3c10be2eaedd3910ff0f02351eca7e88c95a291cde5e7f2f55ef207f", size = 578382, upload-time = "2026-08-18T06:37:34.385Z" },
    { url = "https://pypi.tuna.tsinghua.edu.cn/packages/26/b0/8e2fb01e9ee15ad29fe10d0dd2d37f503e4aa3714c9fbb07aca380618de7/pyside6-6.11.2-cp310-abi3-win_arm64.whl", hash = "sha256:0444ac71d0791a19bded35f6d9a94515941f23a6eb7098ca45a1b64a338be697", size = 561768, upload-time = "2026-08-18T06:37:36.437Z" },
]

[[package]]
name = "pyside6-addons"
version = "6.11.2"
source = { registry = "https://pypi.tuna.tsinghua.edu.cn/simple" }
dependencies = [
    { name = "pyside6-essentials" },
    { name = "shiboken6" },
]
wheels = [
    { url = "https://pypi.tuna.tsinghua.edu.cn/packages/e3/91/339fe9f7c94163815004ccd6b5c58b926b2dfb4e51c3b5563d412eab151f/pyside6_addons-6.11.2-cp310-abi3-macosx_13_0_universal2.whl", hash = "sha256:354c574a839f7d0751960ba03f33bec87c95e0f2796dca3287f54d03abe97dac", size = 332047075, upload-time = "2026-08-18T06:35:33.037Z" },
    { url = "https://pypi.tuna.tsinghua.edu.cn/packages/28/cd/ce470e20f68901f4dfa5f742d6a3a58ba865684a232e4b87d5a1a2179cc0/pyside6_addons-6.11.2-cp310-abi3-manylinux_2_34_x86_64.whl", hash = "sha256:a8b00956925fbdeffc7052cf933506391289f35ac4f3f71a0a167ec195cd47b4", size = 175062576, upload-time = "2026-08-18T06:35:45.583Z" },
    { url = "https://pypi.tuna.tsinghua.edu.cn/packages/11/bd/f725a8984703612c72cd17d0871d047132bacaccc13fc0d288a5e8a37dad/pyside6_addons-6.11.2-cp310-abi3-manylinux_2_39_aarch64.whl", hash = "sha256:a2ca3c73e5f060d4aca49451abd9fba68dd0e1c66ff40cea3a1fe0415def579a", size = 170827254, upload-time = "2026-08-18T06:35:56.675Z" },
    { url = "https://pypi.tuna.tsinghua.edu.cn/packages/fb/c1/08bf6594101b42fc88834009f1dac59a983c5b6805c62c5081f077d09b4a/pyside6_addons-6.11.2-cp310-abi3-win_amd64.whl", hash = "sha256:f449ea4431da20e7b86752cca8d166f93434516fe417f981c27e5f8e1b554407", size = 168208836, upload-time = "2026-08-18T06:36:07.295Z" },
    { url = "https://pypi.tuna.tsinghua.edu.cn/packages/26/60/e4b7f09343e9f29e565f488fb44c4f1fe260db481ba2c08ad8a1a7d48216/pyside6_addons-6.11.2-cp310-abi3-win_arm64.whl", hash = "sha256:d5606af369484b862b4d5741cfc179e19d2b8819c3e04d210b8188e0c9f85988", size = 35807245, upload-time = "2026-08-18T06:36:12.485Z" },
]

[[package]]
name = "pyside6-essentials"
version = "6.11.2"
source = { registry = "https://pypi.tuna.tsinghua.edu.cn/simple" }
dependencies = [
    { name = "shiboken6" },
]
wheels = [
    { url = "https://pypi.tuna.tsinghua.edu.cn/packages/6f/16/0b7ecf89ebada82ed0430be33809ff325761ece83104f8635b1bd101fcd0/pyside6_essentials-6.11.2-cp310-abi3-macosx_13_0_universal2.whl", hash = "sha256:77795c145202e65a78d88f7cd409d186e3ba23d159bdb3ba2dcd159ae5e5f0d9", size = 110800753, upload-time = "2026-08-18T06:36:33.674Z" },
    { url = "https://pypi.tuna.tsinghua.edu.cn/packages/0e/1a/84a84bbc75835ee88abdcb66eb875b8e1a21834af9b833bc1893f2c1bfaf/pyside6_essentials-6.11.2-cp310-abi3-manylinux_2_34_x86_64.whl", hash = "sha256:aaf9f25f0f324874085fa5b26a610318db8a8e243cf85bb3e5400595191c7778", size = 80108947, upload-time = "2026-08-18T06:36:40.637Z" },
    { url = "https://pypi.tuna.tsinghua.edu.cn/packages/60/4c/d92b08a2151d095b9a3725fa0e71b215ec686d40bbd5d8b702d21a9b5eaa/pyside6_essentials-6.11.2-cp310-abi3-manylinux_2_39_aarch64.whl", hash = "sha256:d3ec6e1885c46e57f16364f38ea8040ffc5dc0b18341058f608fede3ba930567", size = 79575497, upload-time = "2026-08-18T06:36:46.97Z" },
    { url = "https://pypi.tuna.tsinghua.edu.cn/packages/dc/09/d2662684aee4d3f027ff9b1e965f22301bc28ffc5b7f167658508e4475dc/pyside6_essentials-6.11.2-cp310-abi3-win_amd64.whl", hash = "sha256:c8a29def77032773a30879f7f24415b5395ad08592d147c170824ef4c735dfc1", size = 76913043, upload-time = "2026-08-18T06:36:54.038Z" },
    { url = "https://pypi.tuna.tsinghua.edu.cn/packages/cd/87/4dd2a6468cea600da1fcf9c7f02bc248eeaa98cdc75658e48e669d95326a/pyside6_essentials-6.11.2-cp310-abi3-win_arm64.whl", hash = "sha256:fadd75c5c20800d64dd0a586ea8cb337c5e630aa2246df0e5105738afa46e02c", size = 58125520, upload-time = "2026-08-18T06:36:59.073Z" },
]

[[package]]
name = "pytest"
version = "9.1.1"
source = { registry = "https://pypi.tuna.tsinghua.edu.cn/simple" }
dependencies = [
    { name = "colorama", marker = "sys_platform == 'win32'" },
    { name = "iniconfig" },
    { name = "packaging" },
    { name = "pluggy" },
    { name = "pygments" },
]
sdist = { url = "https://pypi.tuna.tsinghua.edu.cn/packages/e4/47/b9efed96c114afcfa3c9d3fe98a76a1d14c74a9e266d397cf6eb64be5e01/pytest-9.1.1.tar.gz", hash = "sha256:1088fbde8f2b49d95a549a195707afa7a76a3ce9bcadc26b6d71f0ffda5fe313", size = 1636369, upload-time = "2026-06-19T10:58:32.857Z" }
wheels = [
    { url = "https://pypi.tuna.tsinghua.edu.cn/packages/24/25/1de2678b631f5a49215c6c96fff41ba892b0a34df68d6d80292b1b48aa7f/pytest-9.1.1-py3-none-any.whl", hash = "sha256:37a86b45efb9a47a61a36449063e8e18d0cab3161329fc099eb21783169c4f0c", size = 386536, upload-time = "2026-06-19T10:58:31.347Z" },
]

[[package]]
name = "pyyaml"
version = "6.0.3"
source = { registry = "https://pypi.tuna.tsinghua.edu.cn/simple" }
sdist = { url = "https://pypi.tuna.tsinghua.edu.cn/packages/05/8e/961c0007c59b8dd7729d542c61a4d537767a59645b82a0b521206e1e25c2/pyyaml-6.0.3.tar.gz", hash = "sha256:d76623373421df22fb4cf8817020cbb7ef15c725b9d5e45f17e189bfc384190f", size = 130960, upload-time = "2025-09-25T21:33:16.546Z" }
wheels = [
    { url = "https://pypi.tuna.tsinghua.edu.cn/packages/9d/8c/f4bd7f6465179953d3ac9bc44ac1a8a3e6122cf8ada906b4f96c60172d43/pyyaml-6.0.3-cp314-cp314-macosx_10_13_x86_64.whl", hash = "sha256:8d1fab6bb153a416f9aeb4b8763bc0f22a5586065f86f7664fc23339fc1c1fac", size = 181814, upload-time = "2025-09-25T21:32:35.712Z" },
    { url = "https://pypi.tuna.tsinghua.edu.cn/packages/bd/9c/4d95bb87eb2063d20db7b60faa3840c1b18025517ae857371c4dd55a6b3a/pyyaml-6.0.3-cp314-cp314-macosx_11_0_arm64.whl", hash = "sha256:34d5fcd24b8445fadc33f9cf348c1047101756fd760b4dacb5c3e99755703310", size = 173809, upload-time = "2025-09-25T21:32:36.789Z" },
    { url = "https://pypi.tuna.tsinghua.edu.cn/packages/92/b5/47e807c2623074914e29dabd16cbbdd4bf5e9b2db9f8090fa64411fc5382/pyyaml-6.0.3-cp314-cp314-manylinux2014_aarch64.manylinux_2_17_aarch64.manylinux_2_28_aarch64.whl", hash = "sha256:501a031947e3a9025ed4405a168e6ef5ae3126c59f90ce0cd6f2bfc477be31b7", size = 766454, upload-time = "2025-09-25T21:32:37.966Z" },
    { url = "https://pypi.tuna.tsinghua.edu.cn/packages/02/9e/e5e9b168be58564121efb3de6859c452fccde0ab093d8438905899a3a483/pyyaml-6.0.3-cp314-cp314-manylinux2014_s390x.manylinux_2_17_s390x.manylinux_2_28_s390x.whl", hash = "sha256:b3bc83488de33889877a0f2543ade9f70c67d66d9ebb4ac959502e12de895788", size = 836355, upload-time = "2025-09-25T21:32:39.178Z" },
    { url = "https://pypi.tuna.tsinghua.edu.cn/packages/88/f9/16491d7ed2a919954993e48aa941b200f38040928474c9e85ea9e64222c3/pyyaml-6.0.3-cp314-cp314-manylinux2014_x86_64.manylinux_2_17_x86_64.manylinux_2_28_x86_64.whl", hash = "sha256:c458b6d084f9b935061bc36216e8a69a7e293a2f1e68bf956dcd9e6cbcd143f5", size = 794175, upload-time = "2025-09-25T21:32:40.865Z" },
    { url = "https://pypi.tuna.tsinghua.edu.cn/packages/dd/3f/5989debef34dc6397317802b527dbbafb2b4760878a53d4166579111411e/pyyaml-6.0.3-cp314-cp314-musllinux_1_2_aarch64.whl", hash = "sha256:7c6610def4f163542a622a73fb39f534f8c101d690126992300bf3207eab9764", size = 755228, upload-time = "2025-09-25T21:32:42.084Z" },
    { url = "https://pypi.tuna.tsinghua.edu.cn/packages/d7/ce/af88a49043cd2e265be63d083fc75b27b6ed062f5f9fd6cdc223ad62f03e/pyyaml-6.0.3-cp314-cp314-musllinux_1_2_x86_64.whl", hash = "sha256:5190d403f121660ce8d1d2c1bb2ef1bd05b5f68533fc5c2ea899bd15f4399b35", size = 789194, upload-time = "2025-09-25T21:32:43.362Z" },
    { url = "https://pypi.tuna.tsinghua.edu.cn/packages/23/20/bb6982b26a40bb43951265ba29d4c246ef0ff59c9fdcdf0ed04e0687de4d/pyyaml-6.0.3-cp314-cp314-win_amd64.whl", hash = "sha256:4a2e8cebe2ff6ab7d1050ecd59c25d4c8bd7e6f400f5f82b96557ac0abafd0ac", size = 156429, upload-time = "2025-09-25T21:32:57.844Z" },
    { url = "https://pypi.tuna.tsinghua.edu.cn/packages/f4/f4/a4541072bb9422c8a883ab55255f918fa378ecf083f5b85e87fc2b4eda1b/pyyaml-6.0.3-cp314-cp314-win_arm64.whl", hash = "sha256:93dda82c9c22deb0a405ea4dc5f2d0cda384168e466364dec6255b293923b2f3", size = 143912, upload-time = "2025-09-25T21:32:59.247Z" },
    { url = "https://pypi.tuna.tsinghua.edu.cn/packages/7c/f9/07dd09ae774e4616edf6cda684ee78f97777bdd15847253637a6f052a62f/pyyaml-6.0.3-cp314-cp314t-macosx_10_13_x86_64.whl", hash = "sha256:02893d100e99e03eda1c8fd5c441d8c60103fd175728e23e431db1b589cf5ab3", size = 189108, upload-time = "2025-09-25T21:32:44.377Z" },
    { url = "https://pypi.tuna.tsinghua.edu.cn/packages/4e/78/8d08c9fb7ce09ad8c38ad533c1191cf27f7ae1effe5bb9400a46d9437fcf/pyyaml-6.0.3-cp314-cp314t-macosx_11_0_arm64.whl", hash = "sha256:c1ff362665ae507275af2853520967820d9124984e0f7466736aea23d8611fba", size = 183641, upload-time = "2025-09-25T21:32:45.407Z" },
    { url = "https://pypi.tuna.tsinghua.edu.cn/packages/7b/5b/3babb19104a46945cf816d047db2788bcaf8c94527a805610b0289a01c6b/pyyaml-6.0.3-cp314-cp314t-manylinux2014_aarch64.manylinux_2_17_aarch64.manylinux_2_28_aarch64.whl", hash = "sha256:6adc77889b628398debc7b65c073bcb99c4a0237b248cacaf3fe8a557563ef6c", size = 831901, upload-time = "2025-09-25T21:32:48.83Z" },
    { url = "https://pypi.tuna.tsinghua.edu.cn/packages/8b/cc/dff0684d8dc44da4d22a13f35f073d558c268780ce3c6ba1b87055bb0b87/pyyaml-6.0.3-cp314-cp314t-manylinux2014_s390x.manylinux_2_17_s390x.manylinux_2_28_s390x.whl", hash = "sha256:a80cb027f6b349846a3bf6d73b5e95e782175e52f22108cfa17876aaeff93702", size = 861132, upload-time = "2025-09-25T21:32:50.149Z" },
    { url = "https://pypi.tuna.tsinghua.edu.cn/packages/b1/5e/f77dc6b9036943e285ba76b49e118d9ea929885becb0a29ba8a7c75e29fe/pyyaml-6.0.3-cp314-cp314t-manylinux2014_x86_64.manylinux_2_17_x86_64.manylinux_2_28_x86_64.whl", hash = "sha256:00c4bdeba853cc34e7dd471f16b4114f4162dc03e6b7afcc2128711f0eca823c", size = 839261, upload-time = "2025-09-25T21:32:51.808Z" },
    { url = "https://pypi.tuna.tsinghua.edu.cn/packages/ce/88/a9db1376aa2a228197c58b37302f284b5617f56a5d959fd1763fb1675ce6/pyyaml-6.0.3-cp314-cp314t-musllinux_1_2_aarch64.whl", hash = "sha256:66e1674c3ef6f541c35191caae2d429b967b99e02040f5ba928632d9a7f0f065", size = 805272, upload-time = "2025-09-25T21:32:52.941Z" },
    { url = "https://pypi.tuna.tsinghua.edu.cn/packages/da/92/1446574745d74df0c92e6aa4a7b0b3130706a4142b2d1a5869f2eaa423c6/pyyaml-6.0.3-cp314-cp314t-musllinux_1_2_x86_64.whl", hash = "sha256:16249ee61e95f858e83976573de0f5b2893b3677ba71c9dd36b9cf8be9ac6d65", size = 829923, upload-time = "2025-09-25T21:32:54.537Z" },
    { url = "https://pypi.tuna.tsinghua.edu.cn/packages/f0/7a/1c7270340330e575b92f397352af856a8c06f230aa3e76f86b39d01b416a/pyyaml-6.0.3-cp314-cp314t-win_amd64.whl", hash = "sha256:4ad1906908f2f5ae4e5a8ddfce73c320c2a1429ec52eafd27138b7f1cbe341c9", size = 174062, upload-time = "2025-09-25T21:32:55.767Z" },
    { url = "https://pypi.tuna.tsinghua.edu.cn/packages/f1/12/de94a39c2ef588c7e6455cfbe7343d3b2dc9d6b6b2f40c4c6565744c873d/pyyaml-6.0.3-cp314-cp314t-win_arm64.whl", hash = "sha256:ebc55a14a21cb14062aa4162f906cd962b28e2e9ea38f9b4391244cd8de4ae0b", size = 149341, upload-time = "2025-09-25T21:32:56.828Z" },
]

[[package]]
name = "shiboken6"
version = "6.11.2"
source = { registry = "https://pypi.tuna.tsinghua.edu.cn/simple" }
wheels = [
    { url = "https://pypi.tuna.tsinghua.edu.cn/packages/47/44/11bf71c36e71936ab4e923e5dd23599dab527c4488b01860b0f689ce9947/shiboken6-6.11.2-cp310-abi3-macosx_13_0_universal2.whl", hash = "sha256:53659683b1f7a08e9f87eff9b1065f1ceb7110cd7a4bc09fdf5efe43d286604d", size = 476674, upload-time = "2026-08-18T06:37:11.526Z" },
    { url = "https://pypi.tuna.tsinghua.edu.cn/packages/a5/9a/f41bea4316d0c1bec4800842dcb4bd8fd3e29d6a79c496bc32e1aec42583/shiboken6-6.11.2-cp310-abi3-manylinux_2_34_x86_64.whl", hash = "sha256:7a7a0a72a9ed26c9bf77d42246b1c736486befb8f31aa2fb29957ea4cdd1c1c2", size = 272435, upload-time = "2026-08-18T06:37:13.397Z" },
    { url = "https://pypi.tuna.tsinghua.edu.cn/packages/56/05/79ed0697515d4fc7435459e4ed4c4a3b5621a55b7c91d0f3f2cc3d617aa0/shiboken6-6.11.2-cp310-abi3-manylinux_2_39_aarch64.whl", hash = "sha256:4bbbd6fa4d7cff5ec5e12bc4c10e1d845fa30c89457ecb13cc64f7bddb77f6f9", size = 270668, upload-time = "2026-08-18T06:37:15.025Z" },
    { url = "https://pypi.tuna.tsinghua.edu.cn/packages/ce/6b/fee1b4814317e4664e318644c9c007676c65a71e5b2b9d3ac4121a94dc0a/shiboken6-6.11.2-cp310-abi3-win_amd64.whl", hash = "sha256:6ab0eba1c904455df621f9a6df3ca2bb896bab8670572d2bc4e37804ae91f19a", size = 1226578, upload-time = "2026-08-18T06:37:18.002Z" },
    { url = "https://pypi.tuna.tsinghua.edu.cn/packages/4d/b5/80c4e5aafeb8ac777cf5a1becfe87ac7197c35051df00b5f7819787e09d5/shiboken6-6.11.2-cp310-abi3-win_arm64.whl", hash = "sha256:97c49432488df958f0308736f3d15b6915d8826fc380af17bb4b9ec5c4a5e81b", size = 1784669, upload-time = "2026-08-18T06:37:21.046Z" },
]

[[package]]
name = "yuanshen-desktoppet"
version = "0.1.0"
source = { virtual = "." }
dependencies = [
    { name = "pygame-ce" },
    { name = "pyside6" },
    { name = "pyyaml" },
]

[package.dev-dependencies]
dev = [
    { name = "pytest" },
]

[package.metadata]
requires-dist = [
    { name = "pygame-ce", specifier = ">=2.5" },
    { name = "pyside6", specifier = ">=6.8" },
    { name = "pyyaml", specifier = ">=6.0" },
]

[package.metadata.requires-dev]
dev = [{ name = "pytest", specifier = ">=8.3" }]
